// !$*UTF8*$!
{
	archiveVersion = 1;
	classes = {
	};
	objectVersion = 51;
	objects = {

/* Begin PBXBuildFile section */
		173EB95222CD154900ADAAD2 /* LabelValueCell.xib in Resources */ = {isa = PBXBuildFile; fileRef = 173EB95122CD154900ADAAD2 /* LabelValueCell.xib */; };
		173EB95522CD15A200ADAAD2 /* LabelValueCell.swift in Sources */ = {isa = PBXBuildFile; fileRef = 173EB95422CD15A200ADAAD2 /* LabelValueCell.swift */; };
		179798C822CD23C000F2C512 /* LabelDownCell.xib in Resources */ = {isa = PBXBuildFile; fileRef = 179798C722CD23C000F2C512 /* LabelDownCell.xib */; };
		179798D322CD43A700F2C512 /* DINNeuzeitGroteskStd-Light.otf in Resources */ = {isa = PBXBuildFile; fileRef = 179798CA22CD43A700F2C512 /* DINNeuzeitGroteskStd-Light.otf */; };
		179798D422CD43A700F2C512 /* DINPro-Medium.otf in Resources */ = {isa = PBXBuildFile; fileRef = 179798CB22CD43A700F2C512 /* DINPro-Medium.otf */; };
		179798D522CD43A700F2C512 /* DINPro-Bold.otf in Resources */ = {isa = PBXBuildFile; fileRef = 179798CC22CD43A700F2C512 /* DINPro-Bold.otf */; };
		179798D622CD43A700F2C512 /* DINNeuzeitGroteskStd-BdCond.otf in Resources */ = {isa = PBXBuildFile; fileRef = 179798CD22CD43A700F2C512 /* DINNeuzeitGroteskStd-BdCond.otf */; };
		179798D722CD43A700F2C512 /* DINPro-Black.otf in Resources */ = {isa = PBXBuildFile; fileRef = 179798CE22CD43A700F2C512 /* DINPro-Black.otf */; };
		179798D822CD43A700F2C512 /* DINEngschriftStd.otf in Resources */ = {isa = PBXBuildFile; fileRef = 179798CF22CD43A700F2C512 /* DINEngschriftStd.otf */; };
		179798D922CD43A700F2C512 /* DINPro-Regular.otf in Resources */ = {isa = PBXBuildFile; fileRef = 179798D022CD43A700F2C512 /* DINPro-Regular.otf */; };
		179798DA22CD43A700F2C512 /* DINPro-Light.otf in Resources */ = {isa = PBXBuildFile; fileRef = 179798D122CD43A700F2C512 /* DINPro-Light.otf */; };
		179798DB22CD43A700F2C512 /* DINMittelschriftStd.otf in Resources */ = {isa = PBXBuildFile; fileRef = 179798D222CD43A700F2C512 /* DINMittelschriftStd.otf */; };
		17C00AE622CC3CDA00B05E76 /* AppDelegate.swift in Sources */ = {isa = PBXBuildFile; fileRef = 17C00AE522CC3CDA00B05E76 /* AppDelegate.swift */; };
		17C00AE822CC3CDA00B05E76 /* ViewController.swift in Sources */ = {isa = PBXBuildFile; fileRef = 17C00AE722CC3CDA00B05E76 /* ViewController.swift */; };
		17C00AEB22CC3CDA00B05E76 /* Main.storyboard in Resources */ = {isa = PBXBuildFile; fileRef = 17C00AE922CC3CDA00B05E76 /* Main.storyboard */; };
		17C00AED22CC3CDD00B05E76 /* Assets.xcassets in Resources */ = {isa = PBXBuildFile; fileRef = 17C00AEC22CC3CDD00B05E76 /* Assets.xcassets */; };
		17C00AF022CC3CDD00B05E76 /* LaunchScreen.storyboard in Resources */ = {isa = PBXBuildFile; fileRef = 17C00AEE22CC3CDD00B05E76 /* LaunchScreen.storyboard */; };
		17C00AFD22CC4B8000B05E76 /* Cell.swift in Sources */ = {isa = PBXBuildFile; fileRef = 17C00AFC22CC4B8000B05E76 /* Cell.swift */; };
		17C00AFF22CC4C9C00B05E76 /* ContatoFormInteractor.swift in Sources */ = {isa = PBXBuildFile; fileRef = 17C00AFE22CC4C9C00B05E76 /* ContatoFormInteractor.swift */; };
		17C00B0222CC4D0500B05E76 /* app-constants.swift in Sources */ = {isa = PBXBuildFile; fileRef = 17C00B0122CC4D0500B05E76 /* app-constants.swift */; };
		17C00B0622CC4EA100B05E76 /* ContatoFormProtocols.swift in Sources */ = {isa = PBXBuildFile; fileRef = 17C00B0522CC4EA100B05E76 /* ContatoFormProtocols.swift */; };
		17C00B0822CC504500B05E76 /* ContatoFormPresenter.swift in Sources */ = {isa = PBXBuildFile; fileRef = 17C00B0722CC504500B05E76 /* ContatoFormPresenter.swift */; };
		17C00B0A22CC51F300B05E76 /* ContatoFormRouter.swift in Sources */ = {isa = PBXBuildFile; fileRef = 17C00B0922CC51F300B05E76 /* ContatoFormRouter.swift */; };
		17C00B0C22CC541500B05E76 /* ContatoFormTableViewController.swift in Sources */ = {isa = PBXBuildFile; fileRef = 17C00B0B22CC541500B05E76 /* ContatoFormTableViewController.swift */; };
		17C00B1522CC572E00B05E76 /* InvestimentoProtocols.swift in Sources */ = {isa = PBXBuildFile; fileRef = 17C00B1422CC572E00B05E76 /* InvestimentoProtocols.swift */; };
		17C00B1722CC5A6800B05E76 /* InvestimentoViewController.swift in Sources */ = {isa = PBXBuildFile; fileRef = 17C00B1622CC5A6800B05E76 /* InvestimentoViewController.swift */; };
		17C00B1922CC5B8300B05E76 /* InvestimentoInteractor.swift in Sources */ = {isa = PBXBuildFile; fileRef = 17C00B1822CC5B8300B05E76 /* InvestimentoInteractor.swift */; };
		17C00B1B22CC5C0700B05E76 /* InvestimentoPresenter.swift in Sources */ = {isa = PBXBuildFile; fileRef = 17C00B1A22CC5C0700B05E76 /* InvestimentoPresenter.swift */; };
		17C00B1D22CC5D0900B05E76 /* InvestimentoRouter.swift in Sources */ = {isa = PBXBuildFile; fileRef = 17C00B1C22CC5D0900B05E76 /* InvestimentoRouter.swift */; };
		17C00B2522CC5E7B00B05E76 /* Info.swift in Sources */ = {isa = PBXBuildFile; fileRef = 17C00B1E22CC5E7A00B05E76 /* Info.swift */; };
		17C00B2622CC5E7B00B05E76 /* Month.swift in Sources */ = {isa = PBXBuildFile; fileRef = 17C00B1F22CC5E7A00B05E76 /* Month.swift */; };
		17C00B2722CC5E7B00B05E76 /* DownInfo.swift in Sources */ = {isa = PBXBuildFile; fileRef = 17C00B2022CC5E7A00B05E76 /* DownInfo.swift */; };
		17C00B2822CC5E7B00B05E76 /* Year.swift in Sources */ = {isa = PBXBuildFile; fileRef = 17C00B2122CC5E7B00B05E76 /* Year.swift */; };
		17C00B2922CC5E7B00B05E76 /* 12months.swift in Sources */ = {isa = PBXBuildFile; fileRef = 17C00B2222CC5E7B00B05E76 /* 12months.swift */; };
		17C00B2A22CC5E7B00B05E76 /* InvestimentoInfo.swift in Sources */ = {isa = PBXBuildFile; fileRef = 17C00B2322CC5E7B00B05E76 /* InvestimentoInfo.swift */; };
		17C00B2B22CC5E7B00B05E76 /* MoreInfo.swift in Sources */ = {isa = PBXBuildFile; fileRef = 17C00B2422CC5E7B00B05E76 /* MoreInfo.swift */; };
		17C00B2E22CC6AC700B05E76 /* TextFieldCell.xib in Resources */ = {isa = PBXBuildFile; fileRef = 17C00B2D22CC6AC700B05E76 /* TextFieldCell.xib */; };
		17C00B3022CCE30100B05E76 /* ButtonCell.xib in Resources */ = {isa = PBXBuildFile; fileRef = 17C00B2F22CCE30100B05E76 /* ButtonCell.xib */; };
		17C00B3222CCE46500B05E76 /* CheckboxCell.xib in Resources */ = {isa = PBXBuildFile; fileRef = 17C00B3122CCE46500B05E76 /* CheckboxCell.xib */; };
		17C00B3422CCE91D00B05E76 /* TextFieldCell.swift in Sources */ = {isa = PBXBuildFile; fileRef = 17C00B3322CCE91D00B05E76 /* TextFieldCell.swift */; };
		17C00B3722CCE99E00B05E76 /* ButtonCell.swift in Sources */ = {isa = PBXBuildFile; fileRef = 17C00B3622CCE99E00B05E76 /* ButtonCell.swift */; };
		17C00B3922CCE9F200B05E76 /* CheckboxCell.swift in Sources */ = {isa = PBXBuildFile; fileRef = 17C00B3822CCE9F200B05E76 /* CheckboxCell.swift */; };
		17C00B3B22CCF96400B05E76 /* MensagemEnviadaView.xib in Resources */ = {isa = PBXBuildFile; fileRef = 17C00B3A22CCF96400B05E76 /* MensagemEnviadaView.xib */; };
		17C00B3D22CCFA0A00B05E76 /* MensagemEnviadaView.swift in Sources */ = {isa = PBXBuildFile; fileRef = 17C00B3C22CCFA0A00B05E76 /* MensagemEnviadaView.swift */; };
		30263CE33CE33111DE4686C4 /* Pods_IosMaster.framework in Frameworks */ = {isa = PBXBuildFile; fileRef = 13BF7E2FF8A73B81645245AA /* Pods_IosMaster.framework */; };
/* End PBXBuildFile section */

/* Begin PBXFileReference section */
		13BF7E2FF8A73B81645245AA /* Pods_IosMaster.framework */ = {isa = PBXFileReference; explicitFileType = wrapper.framework; includeInIndex = 0; path = Pods_IosMaster.framework; sourceTree = BUILT_PRODUCTS_DIR; };
		167D0DA79EE1FD5184768AAA /* Pods-IosMaster.debug.xcconfig */ = {isa = PBXFileReference; includeInIndex = 1; lastKnownFileType = text.xcconfig; name = "Pods-IosMaster.debug.xcconfig"; path = "Target Support Files/Pods-IosMaster/Pods-IosMaster.debug.xcconfig"; sourceTree = "<group>"; };
		173EB95122CD154900ADAAD2 /* LabelValueCell.xib */ = {isa = PBXFileReference; lastKnownFileType = file.xib; path = LabelValueCell.xib; sourceTree = "<group>"; };
		173EB95422CD15A200ADAAD2 /* LabelValueCell.swift */ = {isa = PBXFileReference; lastKnownFileType = sourcecode.swift; path = LabelValueCell.swift; sourceTree = "<group>"; };
		179798C722CD23C000F2C512 /* LabelDownCell.xib */ = {isa = PBXFileReference; lastKnownFileType = file.xib; path = LabelDownCell.xib; sourceTree = "<group>"; };
		179798CA22CD43A700F2C512 /* DINNeuzeitGroteskStd-Light.otf */ = {isa = PBXFileReference; lastKnownFileType = file; path = "DINNeuzeitGroteskStd-Light.otf"; sourceTree = "<group>"; };
		179798CB22CD43A700F2C512 /* DINPro-Medium.otf */ = {isa = PBXFileReference; lastKnownFileType = file; path = "DINPro-Medium.otf"; sourceTree = "<group>"; };
		179798CC22CD43A700F2C512 /* DINPro-Bold.otf */ = {isa = PBXFileReference; lastKnownFileType = file; path = "DINPro-Bold.otf"; sourceTree = "<group>"; };
		179798CD22CD43A700F2C512 /* DINNeuzeitGroteskStd-BdCond.otf */ = {isa = PBXFileReference; lastKnownFileType = file; path = "DINNeuzeitGroteskStd-BdCond.otf"; sourceTree = "<group>"; };
		179798CE22CD43A700F2C512 /* DINPro-Black.otf */ = {isa = PBXFileReference; lastKnownFileType = file; path = "DINPro-Black.otf"; sourceTree = "<group>"; };
		179798CF22CD43A700F2C512 /* DINEngschriftStd.otf */ = {isa = PBXFileReference; lastKnownFileType = file; path = DINEngschriftStd.otf; sourceTree = "<group>"; };
		179798D022CD43A700F2C512 /* DINPro-Regular.otf */ = {isa = PBXFileReference; lastKnownFileType = file; path = "DINPro-Regular.otf"; sourceTree = "<group>"; };
		179798D122CD43A700F2C512 /* DINPro-Light.otf */ = {isa = PBXFileReference; lastKnownFileType = file; path = "DINPro-Light.otf"; sourceTree = "<group>"; };
		179798D222CD43A700F2C512 /* DINMittelschriftStd.otf */ = {isa = PBXFileReference; lastKnownFileType = file; path = DINMittelschriftStd.otf; sourceTree = "<group>"; };
		17C00AE222CC3CDA00B05E76 /* IosMaster.app */ = {isa = PBXFileReference; explicitFileType = wrapper.application; includeInIndex = 0; path = IosMaster.app; sourceTree = BUILT_PRODUCTS_DIR; };
		17C00AE522CC3CDA00B05E76 /* AppDelegate.swift */ = {isa = PBXFileReference; lastKnownFileType = sourcecode.swift; path = AppDelegate.swift; sourceTree = "<group>"; };
		17C00AE722CC3CDA00B05E76 /* ViewController.swift */ = {isa = PBXFileReference; lastKnownFileType = sourcecode.swift; path = ViewController.swift; sourceTree = "<group>"; };
		17C00AEA22CC3CDA00B05E76 /* Base */ = {isa = PBXFileReference; lastKnownFileType = file.storyboard; name = Base; path = Base.lproj/Main.storyboard; sourceTree = "<group>"; };
		17C00AEC22CC3CDD00B05E76 /* Assets.xcassets */ = {isa = PBXFileReference; lastKnownFileType = folder.assetcatalog; path = Assets.xcassets; sourceTree = "<group>"; };
		17C00AEF22CC3CDD00B05E76 /* Base */ = {isa = PBXFileReference; lastKnownFileType = file.storyboard; name = Base; path = Base.lproj/LaunchScreen.storyboard; sourceTree = "<group>"; };
		17C00AF122CC3CDD00B05E76 /* Info.plist */ = {isa = PBXFileReference; lastKnownFileType = text.plist.xml; path = Info.plist; sourceTree = "<group>"; };
		17C00AFC22CC4B8000B05E76 /* Cell.swift */ = {isa = PBXFileReference; fileEncoding = 4; lastKnownFileType = sourcecode.swift; path = Cell.swift; sourceTree = "<group>"; };
		17C00AFE22CC4C9C00B05E76 /* ContatoFormInteractor.swift */ = {isa = PBXFileReference; lastKnownFileType = sourcecode.swift; path = ContatoFormInteractor.swift; sourceTree = "<group>"; };
		17C00B0122CC4D0500B05E76 /* app-constants.swift */ = {isa = PBXFileReference; lastKnownFileType = sourcecode.swift; path = "app-constants.swift"; sourceTree = "<group>"; };
		17C00B0522CC4EA100B05E76 /* ContatoFormProtocols.swift */ = {isa = PBXFileReference; lastKnownFileType = sourcecode.swift; path = ContatoFormProtocols.swift; sourceTree = "<group>"; };
		17C00B0722CC504500B05E76 /* ContatoFormPresenter.swift */ = {isa = PBXFileReference; lastKnownFileType = sourcecode.swift; path = ContatoFormPresenter.swift; sourceTree = "<group>"; };
		17C00B0922CC51F300B05E76 /* ContatoFormRouter.swift */ = {isa = PBXFileReference; lastKnownFileType = sourcecode.swift; path = ContatoFormRouter.swift; sourceTree = "<group>"; };
		17C00B0B22CC541500B05E76 /* ContatoFormTableViewController.swift */ = {isa = PBXFileReference; lastKnownFileType = sourcecode.swift; path = ContatoFormTableViewController.swift; sourceTree = "<group>"; };
		17C00B1422CC572E00B05E76 /* InvestimentoProtocols.swift */ = {isa = PBXFileReference; lastKnownFileType = sourcecode.swift; path = InvestimentoProtocols.swift; sourceTree = "<group>"; };
		17C00B1622CC5A6800B05E76 /* InvestimentoViewController.swift */ = {isa = PBXFileReference; lastKnownFileType = sourcecode.swift; path = InvestimentoViewController.swift; sourceTree = "<group>"; };
		17C00B1822CC5B8300B05E76 /* InvestimentoInteractor.swift */ = {isa = PBXFileReference; lastKnownFileType = sourcecode.swift; path = InvestimentoInteractor.swift; sourceTree = "<group>"; };
		17C00B1A22CC5C0700B05E76 /* InvestimentoPresenter.swift */ = {isa = PBXFileReference; lastKnownFileType = sourcecode.swift; path = InvestimentoPresenter.swift; sourceTree = "<group>"; };
		17C00B1C22CC5D0900B05E76 /* InvestimentoRouter.swift */ = {isa = PBXFileReference; lastKnownFileType = sourcecode.swift; path = InvestimentoRouter.swift; sourceTree = "<group>"; };
		17C00B1E22CC5E7A00B05E76 /* Info.swift */ = {isa = PBXFileReference; fileEncoding = 4; lastKnownFileType = sourcecode.swift; path = Info.swift; sourceTree = "<group>"; };
		17C00B1F22CC5E7A00B05E76 /* Month.swift */ = {isa = PBXFileReference; fileEncoding = 4; lastKnownFileType = sourcecode.swift; path = Month.swift; sourceTree = "<group>"; };
		17C00B2022CC5E7A00B05E76 /* DownInfo.swift */ = {isa = PBXFileReference; fileEncoding = 4; lastKnownFileType = sourcecode.swift; path = DownInfo.swift; sourceTree = "<group>"; };
		17C00B2122CC5E7B00B05E76 /* Year.swift */ = {isa = PBXFileReference; fileEncoding = 4; lastKnownFileType = sourcecode.swift; path = Year.swift; sourceTree = "<group>"; };
		17C00B2222CC5E7B00B05E76 /* 12months.swift */ = {isa = PBXFileReference; fileEncoding = 4; lastKnownFileType = sourcecode.swift; path = 12months.swift; sourceTree = "<group>"; };
		17C00B2322CC5E7B00B05E76 /* InvestimentoInfo.swift */ = {isa = PBXFileReference; fileEncoding = 4; lastKnownFileType = sourcecode.swift; path = InvestimentoInfo.swift; sourceTree = "<group>"; };
		17C00B2422CC5E7B00B05E76 /* MoreInfo.swift */ = {isa = PBXFileReference; fileEncoding = 4; lastKnownFileType = sourcecode.swift; path = MoreInfo.swift; sourceTree = "<group>"; };
		17C00B2D22CC6AC700B05E76 /* TextFieldCell.xib */ = {isa = PBXFileReference; lastKnownFileType = file.xib; path = TextFieldCell.xib; sourceTree = "<group>"; };
		17C00B2F22CCE30100B05E76 /* ButtonCell.xib */ = {isa = PBXFileReference; lastKnownFileType = file.xib; path = ButtonCell.xib; sourceTree = "<group>"; };
		17C00B3122CCE46500B05E76 /* CheckboxCell.xib */ = {isa = PBXFileReference; lastKnownFileType = file.xib; path = CheckboxCell.xib; sourceTree = "<group>"; };
		17C00B3322CCE91D00B05E76 /* TextFieldCell.swift */ = {isa = PBXFileReference; lastKnownFileType = sourcecode.swift; path = TextFieldCell.swift; sourceTree = "<group>"; };
		17C00B3622CCE99E00B05E76 /* ButtonCell.swift */ = {isa = PBXFileReference; lastKnownFileType = sourcecode.swift; path = ButtonCell.swift; sourceTree = "<group>"; };
		17C00B3822CCE9F200B05E76 /* CheckboxCell.swift */ = {isa = PBXFileReference; lastKnownFileType = sourcecode.swift; path = CheckboxCell.swift; sourceTree = "<group>"; };
		17C00B3A22CCF96400B05E76 /* MensagemEnviadaView.xib */ = {isa = PBXFileReference; lastKnownFileType = file.xib; path = MensagemEnviadaView.xib; sourceTree = "<group>"; };
		17C00B3C22CCFA0A00B05E76 /* MensagemEnviadaView.swift */ = {isa = PBXFileReference; lastKnownFileType = sourcecode.swift; path = MensagemEnviadaView.swift; sourceTree = "<group>"; };
		676AF0BC851DBDB9B0119AD6 /* Pods-IosMaster.release.xcconfig */ = {isa = PBXFileReference; includeInIndex = 1; lastKnownFileType = text.xcconfig; name = "Pods-IosMaster.release.xcconfig"; path = "Target Support Files/Pods-IosMaster/Pods-IosMaster.release.xcconfig"; sourceTree = "<group>"; };
/* End PBXFileReference section */

/* Begin PBXFrameworksBuildPhase section */
		17C00ADF22CC3CDA00B05E76 /* Frameworks */ = {
			isa = PBXFrameworksBuildPhase;
			buildActionMask = 2147483647;
			files = (
				30263CE33CE33111DE4686C4 /* Pods_IosMaster.framework in Frameworks */,
			);
			runOnlyForDeploymentPostprocessing = 0;
		};
/* End PBXFrameworksBuildPhase section */

/* Begin PBXGroup section */
		12B514B4EE0D3DBAEF50F101 /* Pods */ = {
			isa = PBXGroup;
			children = (
				167D0DA79EE1FD5184768AAA /* Pods-IosMaster.debug.xcconfig */,
				676AF0BC851DBDB9B0119AD6 /* Pods-IosMaster.release.xcconfig */,
			);
			path = Pods;
			sourceTree = "<group>";
		};
		173EB95322CD155300ADAAD2 /* New Group */ = {
			isa = PBXGroup;
			children = (
				173EB95122CD154900ADAAD2 /* LabelValueCell.xib */,
				173EB95422CD15A200ADAAD2 /* LabelValueCell.swift */,
				179798C722CD23C000F2C512 /* LabelDownCell.xib */,
			);
			path = "New Group";
			sourceTree = "<group>";
		};
		179798C922CD43A700F2C512 /* fonts */ = {
			isa = PBXGroup;
			children = (
				179798CA22CD43A700F2C512 /* DINNeuzeitGroteskStd-Light.otf */,
				179798CB22CD43A700F2C512 /* DINPro-Medium.otf */,
				179798CC22CD43A700F2C512 /* DINPro-Bold.otf */,
				179798CD22CD43A700F2C512 /* DINNeuzeitGroteskStd-BdCond.otf */,
				179798CE22CD43A700F2C512 /* DINPro-Black.otf */,
				179798CF22CD43A700F2C512 /* DINEngschriftStd.otf */,
				179798D022CD43A700F2C512 /* DINPro-Regular.otf */,
				179798D122CD43A700F2C512 /* DINPro-Light.otf */,
				179798D222CD43A700F2C512 /* DINMittelschriftStd.otf */,
			);
			path = fonts;
			sourceTree = "<group>";
		};
		17C00AD922CC3CDA00B05E76 = {
			isa = PBXGroup;
			children = (
				17C00AE422CC3CDA00B05E76 /* IosMaster */,
				17C00B0022CC4CED00B05E76 /* commom-utils */,
				179798C922CD43A700F2C512 /* fonts */,
				17C00AE322CC3CDA00B05E76 /* Products */,
				12B514B4EE0D3DBAEF50F101 /* Pods */,
				8A02B7658AE424489644AC49 /* Frameworks */,
			);
			sourceTree = "<group>";
		};
		17C00AE322CC3CDA00B05E76 /* Products */ = {
			isa = PBXGroup;
			children = (
				17C00AE222CC3CDA00B05E76 /* IosMaster.app */,
			);
			name = Products;
			sourceTree = "<group>";
		};
		17C00AE422CC3CDA00B05E76 /* IosMaster */ = {
			isa = PBXGroup;
			children = (
				17C00B0D22CC563A00B05E76 /* Investimento */,
				17C00B0322CC4E5200B05E76 /* Form */,
				17C00AE522CC3CDA00B05E76 /* AppDelegate.swift */,
				17C00AE722CC3CDA00B05E76 /* ViewController.swift */,
				17C00AE922CC3CDA00B05E76 /* Main.storyboard */,
				17C00AEC22CC3CDD00B05E76 /* Assets.xcassets */,
				17C00AEE22CC3CDD00B05E76 /* LaunchScreen.storyboard */,
				17C00AF122CC3CDD00B05E76 /* Info.plist */,
			);
			path = IosMaster;
			sourceTree = "<group>";
		};
		17C00AF722CC3F0800B05E76 /* Entity */ = {
			isa = PBXGroup;
			children = (
				17C00AFC22CC4B8000B05E76 /* Cell.swift */,
			);
			path = Entity;
			sourceTree = "<group>";
		};
		17C00AF822CC3F1800B05E76 /* View */ = {
			isa = PBXGroup;
			children = (
				17C00B0B22CC541500B05E76 /* ContatoFormTableViewController.swift */,
			);
			path = View;
			sourceTree = "<group>";
		};
		17C00AF922CC3F2200B05E76 /* Interactor */ = {
			isa = PBXGroup;
			children = (
				17C00AFE22CC4C9C00B05E76 /* ContatoFormInteractor.swift */,
			);
			path = Interactor;
			sourceTree = "<group>";
		};
		17C00AFA22CC3F3100B05E76 /* Presenter */ = {
			isa = PBXGroup;
			children = (
				17C00B0722CC504500B05E76 /* ContatoFormPresenter.swift */,
			);
			path = Presenter;
			sourceTree = "<group>";
		};
		17C00AFB22CC3F3F00B05E76 /* Router */ = {
			isa = PBXGroup;
			children = (
				17C00B0922CC51F300B05E76 /* ContatoFormRouter.swift */,
			);
			path = Router;
			sourceTree = "<group>";
		};
		17C00B0022CC4CED00B05E76 /* commom-utils */ = {
			isa = PBXGroup;
			children = (
				17C00B0122CC4D0500B05E76 /* app-constants.swift */,
			);
			path = "commom-utils";
			sourceTree = "<group>";
		};
		17C00B0322CC4E5200B05E76 /* Form */ = {
			isa = PBXGroup;
			children = (
				17C00B2C22CC6AA400B05E76 /* xib */,
				17C00B0422CC4E9200B05E76 /* protocols */,
				17C00AF822CC3F1800B05E76 /* View */,
				17C00AF922CC3F2200B05E76 /* Interactor */,
				17C00AFA22CC3F3100B05E76 /* Presenter */,
				17C00AF722CC3F0800B05E76 /* Entity */,
				17C00AFB22CC3F3F00B05E76 /* Router */,
			);
			path = Form;
			sourceTree = "<group>";
		};
		17C00B0422CC4E9200B05E76 /* protocols */ = {
			isa = PBXGroup;
			children = (
				17C00B0522CC4EA100B05E76 /* ContatoFormProtocols.swift */,
			);
			path = protocols;
			sourceTree = "<group>";
		};
		17C00B0D22CC563A00B05E76 /* Investimento */ = {
			isa = PBXGroup;
			children = (
				173EB95322CD155300ADAAD2 /* New Group */,
				17C00B1322CC568400B05E76 /* Router */,
				17C00B1222CC567B00B05E76 /* Entity */,
				17C00B1122CC566C00B05E76 /* Presenter */,
				17C00B1022CC565C00B05E76 /* Interactor */,
				17C00B0F22CC565500B05E76 /* View */,
				17C00B0E22CC564D00B05E76 /* Protocols */,
			);
			path = Investimento;
			sourceTree = "<group>";
		};
		17C00B0E22CC564D00B05E76 /* Protocols */ = {
			isa = PBXGroup;
			children = (
				17C00B1422CC572E00B05E76 /* InvestimentoProtocols.swift */,
			);
			path = Protocols;
			sourceTree = "<group>";
		};
		17C00B0F22CC565500B05E76 /* View */ = {
			isa = PBXGroup;
			children = (
				17C00B1622CC5A6800B05E76 /* InvestimentoViewController.swift */,
			);
			path = View;
			sourceTree = "<group>";
		};
		17C00B1022CC565C00B05E76 /* Interactor */ = {
			isa = PBXGroup;
			children = (
				17C00B1822CC5B8300B05E76 /* InvestimentoInteractor.swift */,
			);
			path = Interactor;
			sourceTree = "<group>";
		};
		17C00B1122CC566C00B05E76 /* Presenter */ = {
			isa = PBXGroup;
			children = (
				17C00B1A22CC5C0700B05E76 /* InvestimentoPresenter.swift */,
			);
			path = Presenter;
			sourceTree = "<group>";
		};
		17C00B1222CC567B00B05E76 /* Entity */ = {
			isa = PBXGroup;
			children = (
				17C00B2222CC5E7B00B05E76 /* 12months.swift */,
				17C00B2022CC5E7A00B05E76 /* DownInfo.swift */,
				17C00B1E22CC5E7A00B05E76 /* Info.swift */,
				17C00B2322CC5E7B00B05E76 /* InvestimentoInfo.swift */,
				17C00B1F22CC5E7A00B05E76 /* Month.swift */,
				17C00B2422CC5E7B00B05E76 /* MoreInfo.swift */,
				17C00B2122CC5E7B00B05E76 /* Year.swift */,
			);
			path = Entity;
			sourceTree = "<group>";
		};
		17C00B1322CC568400B05E76 /* Router */ = {
			isa = PBXGroup;
			children = (
				17C00B1C22CC5D0900B05E76 /* InvestimentoRouter.swift */,
			);
			path = Router;
			sourceTree = "<group>";
		};
		17C00B2C22CC6AA400B05E76 /* xib */ = {
			isa = PBXGroup;
			children = (
				17C00B3A22CCF96400B05E76 /* MensagemEnviadaView.xib */,
				17C00B2D22CC6AC700B05E76 /* TextFieldCell.xib */,
				17C00B2F22CCE30100B05E76 /* ButtonCell.xib */,
				17C00B3122CCE46500B05E76 /* CheckboxCell.xib */,
				17C00B3322CCE91D00B05E76 /* TextFieldCell.swift */,
				17C00B3622CCE99E00B05E76 /* ButtonCell.swift */,
				17C00B3822CCE9F200B05E76 /* CheckboxCell.swift */,
				17C00B3C22CCFA0A00B05E76 /* MensagemEnviadaView.swift */,
			);
			path = xib;
			sourceTree = "<group>";
		};
		8A02B7658AE424489644AC49 /* Frameworks */ = {
			isa = PBXGroup;
			children = (
				13BF7E2FF8A73B81645245AA /* Pods_IosMaster.framework */,
			);
			name = Frameworks;
			sourceTree = "<group>";
		};
/* End PBXGroup section */

/* Begin PBXNativeTarget section */
		17C00AE122CC3CDA00B05E76 /* IosMaster */ = {
			isa = PBXNativeTarget;
			buildConfigurationList = 17C00AF422CC3CDD00B05E76 /* Build configuration list for PBXNativeTarget "IosMaster" */;
			buildPhases = (
				2FF033F6849D4DADB9F63388 /* [CP] Check Pods Manifest.lock */,
				17C00ADE22CC3CDA00B05E76 /* Sources */,
				17C00ADF22CC3CDA00B05E76 /* Frameworks */,
				17C00AE022CC3CDA00B05E76 /* Resources */,
				AA8206612688E546607C04CD /* [CP] Embed Pods Frameworks */,
			);
			buildRules = (
			);
			dependencies = (
			);
			name = IosMaster;
			productName = IosMaster;
			productReference = 17C00AE222CC3CDA00B05E76 /* IosMaster.app */;
			productType = "com.apple.product-type.application";
		};
/* End PBXNativeTarget section */

/* Begin PBXProject section */
		17C00ADA22CC3CDA00B05E76 /* Project object */ = {
			isa = PBXProject;
			attributes = {
				LastSwiftUpdateCheck = 1020;
				LastUpgradeCheck = 1020;
				ORGANIZATIONNAME = "Curso IOS";
				TargetAttributes = {
					17C00AE122CC3CDA00B05E76 = {
						CreatedOnToolsVersion = 10.2.1;
					};
				};
			};
			buildConfigurationList = 17C00ADD22CC3CDA00B05E76 /* Build configuration list for PBXProject "IosMaster" */;
			compatibilityVersion = "Xcode 9.3";
			developmentRegion = en;
			hasScannedForEncodings = 0;
			knownRegions = (
				en,
				Base,
			);
			mainGroup = 17C00AD922CC3CDA00B05E76;
			productRefGroup = 17C00AE322CC3CDA00B05E76 /* Products */;
			projectDirPath = "";
			projectRoot = "";
			targets = (
				17C00AE122CC3CDA00B05E76 /* IosMaster */,
			);
		};
/* End PBXProject section */

/* Begin PBXResourcesBuildPhase section */
		17C00AE022CC3CDA00B05E76 /* Resources */ = {
			isa = PBXResourcesBuildPhase;
			buildActionMask = 2147483647;
			files = (
				17C00B3222CCE46500B05E76 /* CheckboxCell.xib in Resources */,
				17C00AF022CC3CDD00B05E76 /* LaunchScreen.storyboard in Resources */,
				179798DA22CD43A700F2C512 /* DINPro-Light.otf in Resources */,
				17C00B3022CCE30100B05E76 /* ButtonCell.xib in Resources */,
				179798DB22CD43A700F2C512 /* DINMittelschriftStd.otf in Resources */,
				173EB95222CD154900ADAAD2 /* LabelValueCell.xib in Resources */,
				179798D922CD43A700F2C512 /* DINPro-Regular.otf in Resources */,
				179798D522CD43A700F2C512 /* DINPro-Bold.otf in Resources */,
				179798D622CD43A700F2C512 /* DINNeuzeitGroteskStd-BdCond.otf in Resources */,
				179798D822CD43A700F2C512 /* DINEngschriftStd.otf in Resources */,
				179798C822CD23C000F2C512 /* LabelDownCell.xib in Resources */,
				17C00AED22CC3CDD00B05E76 /* Assets.xcassets in Resources */,
				17C00B3B22CCF96400B05E76 /* MensagemEnviadaView.xib in Resources */,
				179798D322CD43A700F2C512 /* DINNeuzeitGroteskStd-Light.otf in Resources */,
				179798D422CD43A700F2C512 /* DINPro-Medium.otf in Resources */,
				179798D722CD43A700F2C512 /* DINPro-Black.otf in Resources */,
				17C00B2E22CC6AC700B05E76 /* TextFieldCell.xib in Resources */,
				17C00AEB22CC3CDA00B05E76 /* Main.storyboard in Resources */,
			);
			runOnlyForDeploymentPostprocessing = 0;
		};
/* End PBXResourcesBuildPhase section */

/* Begin PBXShellScriptBuildPhase section */
		2FF033F6849D4DADB9F63388 /* [CP] Check Pods Manifest.lock */ = {
			isa = PBXShellScriptBuildPhase;
			buildActionMask = 2147483647;
			files = (
			);
			inputFileListPaths = (
			);
			inputPaths = (
				"${PODS_PODFILE_DIR_PATH}/Podfile.lock",
				"${PODS_ROOT}/Manifest.lock",
			);
			name = "[CP] Check Pods Manifest.lock";
			outputFileListPaths = (
			);
			outputPaths = (
				"$(DERIVED_FILE_DIR)/Pods-IosMaster-checkManifestLockResult.txt",
			);
			runOnlyForDeploymentPostprocessing = 0;
			shellPath = /bin/sh;
			shellScript = "diff \"${PODS_PODFILE_DIR_PATH}/Podfile.lock\" \"${PODS_ROOT}/Manifest.lock\" > /dev/null\nif [ $? != 0 ] ; then\n    # print error to STDERR\n    echo \"error: The sandbox is not in sync with the Podfile.lock. Run 'pod install' or update your CocoaPods installation.\" >&2\n    exit 1\nfi\n# This output is used by Xcode 'outputs' to avoid re-running this script phase.\necho \"SUCCESS\" > \"${SCRIPT_OUTPUT_FILE_0}\"\n";
			showEnvVarsInLog = 0;
		};
		AA8206612688E546607C04CD /* [CP] Embed Pods Frameworks */ = {
			isa = PBXShellScriptBuildPhase;
			buildActionMask = 2147483647;
			files = (
			);
			inputFileListPaths = (
				"${PODS_ROOT}/Target Support Files/Pods-IosMaster/Pods-IosMaster-frameworks-${CONFIGURATION}-input-files.xcfilelist",
			);
			name = "[CP] Embed Pods Frameworks";
			outputFileListPaths = (
				"${PODS_ROOT}/Target Support Files/Pods-IosMaster/Pods-IosMaster-frameworks-${CONFIGURATION}-output-files.xcfilelist",
			);
			runOnlyForDeploymentPostprocessing = 0;
			shellPath = /bin/sh;
			shellScript = "\"${PODS_ROOT}/Target Support Files/Pods-IosMaster/Pods-IosMaster-frameworks.sh\"\n";
			showEnvVarsInLog = 0;
		};
/* End PBXShellScriptBuildPhase section */

/* Begin PBXSourcesBuildPhase section */
		17C00ADE22CC3CDA00B05E76 /* Sources */ = {
			isa = PBXSourcesBuildPhase;
			buildActionMask = 2147483647;
			files = (
				17C00B2722CC5E7B00B05E76 /* DownInfo.swift in Sources */,
				173EB95522CD15A200ADAAD2 /* LabelValueCell.swift in Sources */,
				17C00B0222CC4D0500B05E76 /* app-constants.swift in Sources */,
				17C00B3D22CCFA0A00B05E76 /* MensagemEnviadaView.swift in Sources */,
				17C00AE822CC3CDA00B05E76 /* ViewController.swift in Sources */,
				17C00B1522CC572E00B05E76 /* InvestimentoProtocols.swift in Sources */,
				17C00B2922CC5E7B00B05E76 /* 12months.swift in Sources */,
				17C00B2822CC5E7B00B05E76 /* Year.swift in Sources */,
				17C00B2522CC5E7B00B05E76 /* Info.swift in Sources */,
				17C00B1B22CC5C0700B05E76 /* InvestimentoPresenter.swift in Sources */,
				17C00B2B22CC5E7B00B05E76 /* MoreInfo.swift in Sources */,
				17C00B0822CC504500B05E76 /* ContatoFormPresenter.swift in Sources */,
				17C00AFD22CC4B8000B05E76 /* Cell.swift in Sources */,
				17C00B2A22CC5E7B00B05E76 /* InvestimentoInfo.swift in Sources */,
				17C00B0622CC4EA100B05E76 /* ContatoFormProtocols.swift in Sources */,
				17C00B3422CCE91D00B05E76 /* TextFieldCell.swift in Sources */,
				17C00AFF22CC4C9C00B05E76 /* ContatoFormInteractor.swift in Sources */,
				17C00B3722CCE99E00B05E76 /* ButtonCell.swift in Sources */,
				17C00B0C22CC541500B05E76 /* ContatoFormTableViewController.swift in Sources */,
				17C00AE622CC3CDA00B05E76 /* AppDelegate.swift in Sources */,
				17C00B1722CC5A6800B05E76 /* InvestimentoViewController.swift in Sources */,
				17C00B2622CC5E7B00B05E76 /* Month.swift in Sources */,
				17C00B3922CCE9F200B05E76 /* CheckboxCell.swift in Sources */,
				17C00B0A22CC51F300B05E76 /* ContatoFormRouter.swift in Sources */,
				17C00B1922CC5B8300B05E76 /* InvestimentoInteractor.swift in Sources */,
				17C00B1D22CC5D0900B05E76 /* InvestimentoRouter.swift in Sources */,
			);
			runOnlyForDeploymentPostprocessing = 0;
		};
/* End PBXSourcesBuildPhase section */

/* Begin PBXVariantGroup section */
		17C00AE922CC3CDA00B05E76 /* Main.storyboard */ = {
			isa = PBXVariantGroup;
			children = (
				17C00AEA22CC3CDA00B05E76 /* Base */,
			);
			name = Main.storyboard;
			sourceTree = "<group>";
		};
		17C00AEE22CC3CDD00B05E76 /* LaunchScreen.storyboard */ = {
			isa = PBXVariantGroup;
			children = (
				17C00AEF22CC3CDD00B05E76 /* Base */,
			);
			name = LaunchScreen.storyboard;
			sourceTree = "<group>";
		};
/* End PBXVariantGroup section */

/* Begin XCBuildConfiguration section */
		17C00AF222CC3CDD00B05E76 /* Debug */ = {
			isa = XCBuildConfiguration;
			buildSettings = {
				ALWAYS_SEARCH_USER_PATHS = NO;
				CLANG_ANALYZER_NONNULL = YES;
				CLANG_ANALYZER_NUMBER_OBJECT_CONVERSION = YES_AGGRESSIVE;
				CLANG_CXX_LANGUAGE_STANDARD = "gnu++14";
				CLANG_CXX_LIBRARY = "libc++";
				CLANG_ENABLE_MODULES = YES;
				CLANG_ENABLE_OBJC_ARC = YES;
				CLANG_ENABLE_OBJC_WEAK = YES;
				CLANG_WARN_BLOCK_CAPTURE_AUTORELEASING = YES;
				CLANG_WARN_BOOL_CONVERSION = YES;
				CLANG_WARN_COMMA = YES;
				CLANG_WARN_CONSTANT_CONVERSION = YES;
				CLANG_WARN_DEPRECATED_OBJC_IMPLEMENTATIONS = YES;
				CLANG_WARN_DIRECT_OBJC_ISA_USAGE = YES_ERROR;
				CLANG_WARN_DOCUMENTATION_COMMENTS = YES;
				CLANG_WARN_EMPTY_BODY = YES;
				CLANG_WARN_ENUM_CONVERSION = YES;
				CLANG_WARN_INFINITE_RECURSION = YES;
				CLANG_WARN_INT_CONVERSION = YES;
				CLANG_WARN_NON_LITERAL_NULL_CONVERSION = YES;
				CLANG_WARN_OBJC_IMPLICIT_RETAIN_SELF = YES;
				CLANG_WARN_OBJC_LITERAL_CONVERSION = YES;
				CLANG_WARN_OBJC_ROOT_CLASS = YES_ERROR;
				CLANG_WARN_RANGE_LOOP_ANALYSIS = YES;
				CLANG_WARN_STRICT_PROTOTYPES = YES;
				CLANG_WARN_SUSPICIOUS_MOVE = YES;
				CLANG_WARN_UNGUARDED_AVAILABILITY = YES_AGGRESSIVE;
				CLANG_WARN_UNREACHABLE_CODE = YES;
				CLANG_WARN__DUPLICATE_METHOD_MATCH = YES;
				CODE_SIGN_IDENTITY = "iPhone Developer";
				COPY_PHASE_STRIP = NO;
				DEBUG_INFORMATION_FORMAT = dwarf;
				ENABLE_STRICT_OBJC_MSGSEND = YES;
				ENABLE_TESTABILITY = YES;
				GCC_C_LANGUAGE_STANDARD = gnu11;
				GCC_DYNAMIC_NO_PIC = NO;
				GCC_NO_COMMON_BLOCKS = YES;
				GCC_OPTIMIZATION_LEVEL = 0;
				GCC_PREPROCESSOR_DEFINITIONS = (
					"DEBUG=1",
					"$(inherited)",
				);
				GCC_WARN_64_TO_32_BIT_CONVERSION = YES;
				GCC_WARN_ABOUT_RETURN_TYPE = YES_ERROR;
				GCC_WARN_UNDECLARED_SELECTOR = YES;
				GCC_WARN_UNINITIALIZED_AUTOS = YES_AGGRESSIVE;
				GCC_WARN_UNUSED_FUNCTION = YES;
				GCC_WARN_UNUSED_VARIABLE = YES;
				IPHONEOS_DEPLOYMENT_TARGET = 12.2;
				MTL_ENABLE_DEBUG_INFO = INCLUDE_SOURCE;
				MTL_FAST_MATH = YES;
				ONLY_ACTIVE_ARCH = YES;
				SDKROOT = iphoneos;
				SWIFT_ACTIVE_COMPILATION_CONDITIONS = DEBUG;
				SWIFT_OPTIMIZATION_LEVEL = "-Onone";
			};
			name = Debug;
		};
		17C00AF322CC3CDD00B05E76 /* Release */ = {
			isa = XCBuildConfiguration;
			buildSettings = {
				ALWAYS_SEARCH_USER_PATHS = NO;
				CLANG_ANALYZER_NONNULL = YES;
				CLANG_ANALYZER_NUMBER_OBJECT_CONVERSION = YES_AGGRESSIVE;
				CLANG_CXX_LANGUAGE_STANDARD = "gnu++14";
				CLANG_CXX_LIBRARY = "libc++";
				CLANG_ENABLE_MODULES = YES;
				CLANG_ENABLE_OBJC_ARC = YES;
				CLANG_ENABLE_OBJC_WEAK = YES;
				CLANG_WARN_BLOCK_CAPTURE_AUTORELEASING = YES;
				CLANG_WARN_BOOL_CONVERSION = YES;
				CLANG_WARN_COMMA = YES;
				CLANG_WARN_CONSTANT_CONVERSION = YES;
				CLANG_WARN_DEPRECATED_OBJC_IMPLEMENTATIONS = YES;
				CLANG_WARN_DIRECT_OBJC_ISA_USAGE = YES_ERROR;
				CLANG_WARN_DOCUMENTATION_COMMENTS = YES;
				CLANG_WARN_EMPTY_BODY = YES;
				CLANG_WARN_ENUM_CONVERSION = YES;
				CLANG_WARN_INFINITE_RECURSION = YES;
				CLANG_WARN_INT_CONVERSION = YES;
				CLANG_WARN_NON_LITERAL_NULL_CONVERSION = YES;
				CLANG_WARN_OBJC_IMPLICIT_RETAIN_SELF = YES;
				CLANG_WARN_OBJC_LITERAL_CONVERSION = YES;
				CLANG_WARN_OBJC_ROOT_CLASS = YES_ERROR;
				CLANG_WARN_RANGE_LOOP_ANALYSIS = YES;
				CLANG_WARN_STRICT_PROTOTYPES = YES;
				CLANG_WARN_SUSPICIOUS_MOVE = YES;
				CLANG_WARN_UNGUARDED_AVAILABILITY = YES_AGGRESSIVE;
				CLANG_WARN_UNREACHABLE_CODE = YES;
				CLANG_WARN__DUPLICATE_METHOD_MATCH = YES;
				CODE_SIGN_IDENTITY = "iPhone Developer";
				COPY_PHASE_STRIP = NO;
				DEBUG_INFORMATION_FORMAT = "dwarf-with-dsym";
				ENABLE_NS_ASSERTIONS = NO;
				ENABLE_STRICT_OBJC_MSGSEND = YES;
				GCC_C_LANGUAGE_STANDARD = gnu11;
				GCC_NO_COMMON_BLOCKS = YES;
				GCC_WARN_64_TO_32_BIT_CONVERSION = YES;
				GCC_WARN_ABOUT_RETURN_TYPE = YES_ERROR;
				GCC_WARN_UNDECLARED_SELECTOR = YES;
				GCC_WARN_UNINITIALIZED_AUTOS = YES_AGGRESSIVE;
				GCC_WARN_UNUSED_FUNCTION = YES;
				GCC_WARN_UNUSED_VARIABLE = YES;
				IPHONEOS_DEPLOYMENT_TARGET = 12.2;
				MTL_ENABLE_DEBUG_INFO = NO;
				MTL_FAST_MATH = YES;
				SDKROOT = iphoneos;
				SWIFT_COMPILATION_MODE = wholemodule;
				SWIFT_OPTIMIZATION_LEVEL = "-O";
				VALIDATE_PRODUCT = YES;
			};
			name = Release;
		};
		17C00AF522CC3CDD00B05E76 /* Debug */ = {
			isa = XCBuildConfiguration;
			baseConfigurationReference = 167D0DA79EE1FD5184768AAA /* Pods-IosMaster.debug.xcconfig */;
			buildSettings = {
				ASSETCATALOG_COMPILER_APPICON_NAME = AppIcon;
				CODE_SIGN_STYLE = Automatic;
				DEVELOPMENT_TEAM = BKK27272P7;
				INFOPLIST_FILE = IosMaster/Info.plist;
				LD_RUNPATH_SEARCH_PATHS = (
					"$(inherited)",
					"@executable_path/Frameworks",
				);
				PRODUCT_BUNDLE_IDENTIFIER = com.teste.IosMaster;
				PRODUCT_NAME = "$(TARGET_NAME)";
				SWIFT_VERSION = 5.0;
				TARGETED_DEVICE_FAMILY = "1,2";
			};
			name = Debug;
		};
		17C00AF622CC3CDD00B05E76 /* Release */ = {
			isa = XCBuildConfiguration;
			baseConfigurationReference = 676AF0BC851DBDB9B0119AD6 /* Pods-IosMaster.release.xcconfig */;
			buildSettings = {
				ASSETCATALOG_COMPILER_APPICON_NAME = AppIcon;
				CODE_SIGN_STYLE = Automatic;
				DEVELOPMENT_TEAM = BKK27272P7;
				INFOPLIST_FILE = IosMaster/Info.plist;
				LD_RUNPATH_SEARCH_PATHS = (
					"$(inherited)",
					"@executable_path/Frameworks",
				);
				PRODUCT_BUNDLE_IDENTIFIER = com.teste.IosMaster;
				PRODUCT_NAME = "$(TARGET_NAME)";
				SWIFT_VERSION = 5.0;
				TARGETED_DEVICE_FAMILY = "1,2";
			};
			name = Release;
		};
/* End XCBuildConfiguration section */

/* Begin XCConfigurationList section */
		17C00ADD22CC3CDA00B05E76 /* Build configuration list for PBXProject "IosMaster" */ = {
			isa = XCConfigurationList;
			buildConfigurations = (
				17C00AF222CC3CDD00B05E76 /* Debug */,
				17C00AF322CC3CDD00B05E76 /* Release */,
			);
			defaultConfigurationIsVisible = 0;
			defaultConfigurationName = Release;
		};
		17C00AF422CC3CDD00B05E76 /* Build configuration list for PBXNativeTarget "IosMaster" */ = {
			isa = XCConfigurationList;
			buildConfigurations = (
				17C00AF522CC3CDD00B05E76 /* Debug */,
				17C00AF622CC3CDD00B05E76 /* Release */,
			);
			defaultConfigurationIsVisible = 0;
			defaultConfigurationName = Release;
		};
/* End XCConfigurationList section */
	};
	rootObject = 17C00ADA22CC3CDA00B05E76 /* Project object */;
}
